
Microsoft Visual Studio Solution File, Format Version 12.00
# Visual Studio 2015
Project("{FAE04EC0-301F-11D3-BF4B-00C04F79EFBC}") = "JoysTickProject", "JoysTickProject.csproj", "{3752F36E-404B-2F89-DE3E-69A4E17CD21E}"
EndProject
Global
	GlobalSection(SolutionConfigurationPlatforms) = preSolution
		Debug|Any CPU = Debug|Any CPU
		Release|Any CPU = Release|Any CPU
	EndGlobalSection
	GlobalSection(ProjectConfigurationPlatforms) = postSolution
		{3752F36E-404B-2F89-DE3E-69A4E17CD21E}.Debug|Any CPU.ActiveCfg = Debug|Any CPU
		{3752F36E-404B-2F89-DE3E-69A4E17CD21E}.Debug|Any CPU.Build.0 = Debug|Any CPU
		{3752F36E-404B-2F89-DE3E-69A4E17CD21E}.Release|Any CPU.ActiveCfg = Release|Any CPU
		{3752F36E-404B-2F89-DE3E-69A4E17CD21E}.Release|Any CPU.Build.0 = Release|Any CPU
	EndGlobalSection
	GlobalSection(SolutionProperties) = preSolution
		HideSolutionNode = FALSE
	EndGlobalSection
EndGlobal
